
Microsoft Visual Studio Solution File, Format Version 12.00
# Visual Studio 15
VisualStudioVersion = 15.0.28010.2046
MinimumVisualStudioVersion = 10.0.40219.1
Project("{FAE04EC0-301F-11D3-BF4B-00C04F79EFBC}") = "Warsztaty.Web", "Warsztaty.Web\Warsztaty.Web.csproj", "{D6B73504-1C34-4EC0-AE3F-5CE0B19DC90C}"
EndProject
Project("{FAE04EC0-301F-11D3-BF4B-00C04F79EFBC}") = "Warsztaty.ViewModel", "Warsztaty.ViewModel\Warsztaty.ViewModel.csproj", "{FCFF3F7B-9C50-416D-90FA-A921EBEEB008}"
EndProject
Project("{FAE04EC0-301F-11D3-BF4B-00C04F79EFBC}") = "Warsztaty.Core", "Warsztaty.Core\Warsztaty.Core.csproj", "{619980B8-4851-49AE-AD90-ED3740A52218}"
EndProject
Global
	GlobalSection(SolutionConfigurationPlatforms) = preSolution
		Debug|Any CPU = Debug|Any CPU
		Release|Any CPU = Release|Any CPU
	EndGlobalSection
	GlobalSection(ProjectConfigurationPlatforms) = postSolution
		{D6B73504-1C34-4EC0-AE3F-5CE0B19DC90C}.Debug|Any CPU.ActiveCfg = Debug|Any CPU
		{D6B73504-1C34-4EC0-AE3F-5CE0B19DC90C}.Debug|Any CPU.Build.0 = Debug|Any CPU
		{D6B73504-1C34-4EC0-AE3F-5CE0B19DC90C}.Release|Any CPU.ActiveCfg = Release|Any CPU
		{D6B73504-1C34-4EC0-AE3F-5CE0B19DC90C}.Release|Any CPU.Build.0 = Release|Any CPU
		{FCFF3F7B-9C50-416D-90FA-A921EBEEB008}.Debug|Any CPU.ActiveCfg = Debug|Any CPU
		{FCFF3F7B-9C50-416D-90FA-A921EBEEB008}.Debug|Any CPU.Build.0 = Debug|Any CPU
		{FCFF3F7B-9C50-416D-90FA-A921EBEEB008}.Release|Any CPU.ActiveCfg = Release|Any CPU
		{FCFF3F7B-9C50-416D-90FA-A921EBEEB008}.Release|Any CPU.Build.0 = Release|Any CPU
		{619980B8-4851-49AE-AD90-ED3740A52218}.Debug|Any CPU.ActiveCfg = Debug|Any CPU
		{619980B8-4851-49AE-AD90-ED3740A52218}.Debug|Any CPU.Build.0 = Debug|Any CPU
		{619980B8-4851-49AE-AD90-ED3740A52218}.Release|Any CPU.ActiveCfg = Release|Any CPU
		{619980B8-4851-49AE-AD90-ED3740A52218}.Release|Any CPU.Build.0 = Release|Any CPU
	EndGlobalSection
	GlobalSection(SolutionProperties) = preSolution
		HideSolutionNode = FALSE
	EndGlobalSection
	GlobalSection(ExtensibilityGlobals) = postSolution
		SolutionGuid = {458272FE-3B3F-4C1A-BBC5-6479D5C49F0F}
	EndGlobalSection
EndGlobal
